// !$*UTF8*$!
{
	archiveVersion = 1;
	classes = {
	};
	objectVersion = 50;
	objects = {

/* Begin PBXBuildFile section */
		FAFDE23D234FB8510075AE10 /* AppDelegate.swift in Sources */ = {isa = PBXBuildFile; fileRef = FAFDE23C234FB8510075AE10 /* AppDelegate.swift */; };
		FAFDE23F234FB8510075AE10 /* SceneDelegate.swift in Sources */ = {isa = PBXBuildFile; fileRef = FAFDE23E234FB8510075AE10 /* SceneDelegate.swift */; };
		FAFDE244234FB8510075AE10 /* Main.storyboard in Resources */ = {isa = PBXBuildFile; fileRef = FAFDE242234FB8510075AE10 /* Main.storyboard */; };
		FAFDE246234FB8530075AE10 /* Assets.xcassets in Resources */ = {isa = PBXBuildFile; fileRef = FAFDE245234FB8530075AE10 /* Assets.xcassets */; };
		FAFDE249234FB8530075AE10 /* LaunchScreen.storyboard in Resources */ = {isa = PBXBuildFile; fileRef = FAFDE247234FB8530075AE10 /* LaunchScreen.storyboard */; };
		FAFDE252234FBC490075AE10 /* CustomControl.swift in Sources */ = {isa = PBXBuildFile; fileRef = FAFDE251234FBC490075AE10 /* CustomControl.swift */; };
		FAFDE254234FBE220075AE10 /* ViewController.swift in Sources */ = {isa = PBXBuildFile; fileRef = FAFDE253234FBE220075AE10 /* ViewController.swift */; };
/* End PBXBuildFile section */

/* Begin PBXFileReference section */
		FAFDE239234FB8510075AE10 /* Star Rating.app */ = {isa = PBXFileReference; explicitFileType = wrapper.application; includeInIndex = 0; path = "Star Rating.app"; sourceTree = BUILT_PRODUCTS_DIR; };
		FAFDE23C234FB8510075AE10 /* AppDelegate.swift */ = {isa = PBXFileReference; lastKnownFileType = sourcecode.swift; path = AppDelegate.swift; sourceTree = "<group>"; };
		FAFDE23E234FB8510075AE10 /* SceneDelegate.swift */ = {isa = PBXFileReference; lastKnownFileType = sourcecode.swift; path = SceneDelegate.swift; sourceTree = "<group>"; };
		FAFDE243234FB8510075AE10 /* Base */ = {isa = PBXFileReference; lastKnownFileType = file.storyboard; name = Base; path = Base.lproj/Main.storyboard; sourceTree = "<group>"; };
		FAFDE245234FB8530075AE10 /* Assets.xcassets */ = {isa = PBXFileReference; lastKnownFileType = folder.assetcatalog; path = Assets.xcassets; sourceTree = "<group>"; };
		FAFDE248234FB8530075AE10 /* Base */ = {isa = PBXFileReference; lastKnownFileType = file.storyboard; name = Base; path = Base.lproj/LaunchScreen.storyboard; sourceTree = "<group>"; };
		FAFDE24A234FB8530075AE10 /* Info.plist */ = {isa = PBXFileReference; lastKnownFileType = text.plist.xml; path = Info.plist; sourceTree = "<group>"; };
		FAFDE251234FBC490075AE10 /* CustomControl.swift */ = {isa = PBXFileReference; lastKnownFileType = sourcecode.swift; path = CustomControl.swift; sourceTree = "<group>"; };
		FAFDE253234FBE220075AE10 /* ViewController.swift */ = {isa = PBXFileReference; lastKnownFileType = sourcecode.swift; path = ViewController.swift; sourceTree = "<group>"; };
/* End PBXFileReference section */

/* Begin PBXFrameworksBuildPhase section */
		FAFDE236234FB8510075AE10 /* Frameworks */ = {
			isa = PBXFrameworksBuildPhase;
			buildActionMask = 2147483647;
			files = (
			);
			runOnlyForDeploymentPostprocessing = 0;
		};
/* End PBXFrameworksBuildPhase section */

/* Begin PBXGroup section */
		FAFDE230234FB8510075AE10 = {
			isa = PBXGroup;
			children = (
				FAFDE23B234FB8510075AE10 /* Star Rating */,
				FAFDE23A234FB8510075AE10 /* Products */,
			);
			sourceTree = "<group>";
		};
		FAFDE23A234FB8510075AE10 /* Products */ = {
			isa = PBXGroup;
			children = (
				FAFDE239234FB8510075AE10 /* Star Rating.app */,
			);
			name = Products;
			sourceTree = "<group>";
		};
		FAFDE23B234FB8510075AE10 /* Star Rating */ = {
			isa = PBXGroup;
			children = (
				FAFDE251234FBC490075AE10 /* CustomControl.swift */,
				FAFDE253234FBE220075AE10 /* ViewController.swift */,
				FAFDE242234FB8510075AE10 /* Main.storyboard */,
				FAFDE24A234FB8530075AE10 /* Info.plist */,
				FAFDE250234FBA1C0075AE10 /* Resources */,
			);
			path = "Star Rating";
			sourceTree = "<group>";
		};
		FAFDE250234FBA1C0075AE10 /* Resources */ = {
			isa = PBXGroup;
			children = (
				FAFDE23C234FB8510075AE10 /* AppDelegate.swift */,
				FAFDE23E234FB8510075AE10 /* SceneDelegate.swift */,
				FAFDE245234FB8530075AE10 /* Assets.xcassets */,
				FAFDE247234FB8530075AE10 /* LaunchScreen.storyboard */,
			);
			path = Resources;
			sourceTree = "<group>";
		};
/* End PBXGroup section */

/* Begin PBXNativeTarget section */
		FAFDE238234FB8510075AE10 /* Star Rating */ = {
			isa = PBXNativeTarget;
			buildConfigurationList = FAFDE24D234FB8530075AE10 /* Build configuration list for PBXNativeTarget "Star Rating" */;
			buildPhases = (
				FAFDE235234FB8510075AE10 /* Sources */,
				FAFDE236234FB8510075AE10 /* Frameworks */,
				FAFDE237234FB8510075AE10 /* Resources */,
			);
			buildRules = (
			);
			dependencies = (
			);
			name = "Star Rating";
			productName = "Star Rating";
			productReference = FAFDE239234FB8510075AE10 /* Star Rating.app */;
			productType = "com.apple.product-type.application";
		};
/* End PBXNativeTarget section */

/* Begin PBXProject section */
		FAFDE231234FB8510075AE10 /* Project object */ = {
			isa = PBXProject;
			attributes = {
				LastSwiftUpdateCheck = 1100;
				LastUpgradeCheck = 1100;
				ORGANIZATIONNAME = "Lambda School";
				TargetAttributes = {
					FAFDE238234FB8510075AE10 = {
						CreatedOnToolsVersion = 11.0;
					};
				};
			};
			buildConfigurationList = FAFDE234234FB8510075AE10 /* Build configuration list for PBXProject "Star Rating" */;
			compatibilityVersion = "Xcode 9.3";
			developmentRegion = en;
			hasScannedForEncodings = 0;
			knownRegions = (
				en,
				Base,
			);
			mainGroup = FAFDE230234FB8510075AE10;
			productRefGroup = FAFDE23A234FB8510075AE10 /* Products */;
			projectDirPath = "";
			projectRoot = "";
			targets = (
				FAFDE238234FB8510075AE10 /* Star Rating */,
			);
		};
/* End PBXProject section */

/* Begin PBXResourcesBuildPhase section */
		FAFDE237234FB8510075AE10 /* Resources */ = {
			isa = PBXResourcesBuildPhase;
			buildActionMask = 2147483647;
			files = (
				FAFDE249234FB8530075AE10 /* LaunchScreen.storyboard in Resources */,
				FAFDE246234FB8530075AE10 /* Assets.xcassets in Resources */,
				FAFDE244234FB8510075AE10 /* Main.storyboard in Resources */,
			);
			runOnlyForDeploymentPostprocessing = 0;
		};
/* End PBXResourcesBuildPhase section */

/* Begin PBXSourcesBuildPhase section */
		FAFDE235234FB8510075AE10 /* Sources */ = {
			isa = PBXSourcesBuildPhase;
			buildActionMask = 2147483647;
			files = (
				FAFDE23D234FB8510075AE10 /* AppDelegate.swift in Sources */,
				FAFDE252234FBC490075AE10 /* CustomControl.swift in Sources */,
				FAFDE254234FBE220075AE10 /* ViewController.swift in Sources */,
				FAFDE23F234FB8510075AE10 /* SceneDelegate.swift in Sources */,
			);
			runOnlyForDeploymentPostprocessing = 0;
		};
/* End PBXSourcesBuildPhase section */

/* Begin PBXVariantGroup section */
		FAFDE242234FB8510075AE10 /* Main.storyboard */ = {
			isa = PBXVariantGroup;
			children = (
				FAFDE243234FB8510075AE10 /* Base */,
			);
			name = Main.storyboard;
			sourceTree = "<group>";
		};
		FAFDE247234FB8530075AE10 /* LaunchScreen.storyboard */ = {
			isa = PBXVariantGroup;
			children = (
				FAFDE248234FB8530075AE10 /* Base */,
			);
			name = LaunchScreen.storyboard;
			sourceTree = "<group>";
		};
/* End PBXVariantGroup section */

/* Begin XCBuildConfiguration section */
		FAFDE24B234FB8530075AE10 /* Debug */ = {
			isa = XCBuildConfiguration;
			buildSettings = {
				ALWAYS_SEARCH_USER_PATHS = NO;
				CLANG_ANALYZER_NONNULL = YES;
				CLANG_ANALYZER_NUMBER_OBJECT_CONVERSION = YES_AGGRESSIVE;
				CLANG_CXX_LANGUAGE_STANDARD = "gnu++14";
				CLANG_CXX_LIBRARY = "libc++";
				CLANG_ENABLE_MODULES = YES;
				CLANG_ENABLE_OBJC_ARC = YES;
				CLANG_ENABLE_OBJC_WEAK = YES;
				CLANG_WARN_BLOCK_CAPTURE_AUTORELEASING = YES;
				CLANG_WARN_BOOL_CONVERSION = YES;
				CLANG_WARN_COMMA = YES;
				CLANG_WARN_CONSTANT_CONVERSION = YES;
				CLANG_WARN_DEPRECATED_OBJC_IMPLEMENTATIONS = YES;
				CLANG_WARN_DIRECT_OBJC_ISA_USAGE = YES_ERROR;
				CLANG_WARN_DOCUMENTATION_COMMENTS = YES;
				CLANG_WARN_EMPTY_BODY = YES;
				CLANG_WARN_ENUM_CONVERSION = YES;
				CLANG_WARN_INFINITE_RECURSION = YES;
				CLANG_WARN_INT_CONVERSION = YES;
				CLANG_WARN_NON_LITERAL_NULL_CONVERSION = YES;
				CLANG_WARN_OBJC_IMPLICIT_RETAIN_SELF = YES;
				CLANG_WARN_OBJC_LITERAL_CONVERSION = YES;
				CLANG_WARN_OBJC_ROOT_CLASS = YES_ERROR;
				CLANG_WARN_RANGE_LOOP_ANALYSIS = YES;
				CLANG_WARN_STRICT_PROTOTYPES = YES;
				CLANG_WARN_SUSPICIOUS_MOVE = YES;
				CLANG_WARN_UNGUARDED_AVAILABILITY = YES_AGGRESSIVE;
				CLANG_WARN_UNREACHABLE_CODE = YES;
				CLANG_WARN__DUPLICATE_METHOD_MATCH = YES;
				COPY_PHASE_STRIP = NO;
				DEBUG_INFORMATION_FORMAT = dwarf;
				ENABLE_STRICT_OBJC_MSGSEND = YES;
				ENABLE_TESTABILITY = YES;
				GCC_C_LANGUAGE_STANDARD = gnu11;
				GCC_DYNAMIC_NO_PIC = NO;
				GCC_NO_COMMON_BLOCKS = YES;
				GCC_OPTIMIZATION_LEVEL = 0;
				GCC_PREPROCESSOR_DEFINITIONS = (
					"DEBUG=1",
					"$(inherited)",
				);
				GCC_WARN_64_TO_32_BIT_CONVERSION = YES;
				GCC_WARN_ABOUT_RETURN_TYPE = YES_ERROR;
				GCC_WARN_UNDECLARED_SELECTOR = YES;
				GCC_WARN_UNINITIALIZED_AUTOS = YES_AGGRESSIVE;
				GCC_WARN_UNUSED_FUNCTION = YES;
				GCC_WARN_UNUSED_VARIABLE = YES;
				IPHONEOS_DEPLOYMENT_TARGET = 13.0;
				MTL_ENABLE_DEBUG_INFO = INCLUDE_SOURCE;
				MTL_FAST_MATH = YES;
				ONLY_ACTIVE_ARCH = YES;
				SDKROOT = iphoneos;
				SWIFT_ACTIVE_COMPILATION_CONDITIONS = DEBUG;
				SWIFT_OPTIMIZATION_LEVEL = "-Onone";
			};
			name = Debug;
		};
		FAFDE24C234FB8530075AE10 /* Release */ = {
			isa = XCBuildConfiguration;
			buildSettings = {
				ALWAYS_SEARCH_USER_PATHS = NO;
				CLANG_ANALYZER_NONNULL = YES;
				CLANG_ANALYZER_NUMBER_OBJECT_CONVERSION = YES_AGGRESSIVE;
				CLANG_CXX_LANGUAGE_STANDARD = "gnu++14";
				CLANG_CXX_LIBRARY = "libc++";
				CLANG_ENABLE_MODULES = YES;
				CLANG_ENABLE_OBJC_ARC = YES;
				CLANG_ENABLE_OBJC_WEAK = YES;
				CLANG_WARN_BLOCK_CAPTURE_AUTORELEASING = YES;
				CLANG_WARN_BOOL_CONVERSION = YES;
				CLANG_WARN_COMMA = YES;
				CLANG_WARN_CONSTANT_CONVERSION = YES;
				CLANG_WARN_DEPRECATED_OBJC_IMPLEMENTATIONS = YES;
				CLANG_WARN_DIRECT_OBJC_ISA_USAGE = YES_ERROR;
				CLANG_WARN_DOCUMENTATION_COMMENTS = YES;
				CLANG_WARN_EMPTY_BODY = YES;
				CLANG_WARN_ENUM_CONVERSION = YES;
				CLANG_WARN_INFINITE_RECURSION = YES;
				CLANG_WARN_INT_CONVERSION = YES;
				CLANG_WARN_NON_LITERAL_NULL_CONVERSION = YES;
				CLANG_WARN_OBJC_IMPLICIT_RETAIN_SELF = YES;
				CLANG_WARN_OBJC_LITERAL_CONVERSION = YES;
				CLANG_WARN_OBJC_ROOT_CLASS = YES_ERROR;
				CLANG_WARN_RANGE_LOOP_ANALYSIS = YES;
				CLANG_WARN_STRICT_PROTOTYPES = YES;
				CLANG_WARN_SUSPICIOUS_MOVE = YES;
				CLANG_WARN_UNGUARDED_AVAILABILITY = YES_AGGRESSIVE;
				CLANG_WARN_UNREACHABLE_CODE = YES;
				CLANG_WARN__DUPLICATE_METHOD_MATCH = YES;
				COPY_PHASE_STRIP = NO;
				DEBUG_INFORMATION_FORMAT = "dwarf-with-dsym";
				ENABLE_NS_ASSERTIONS = NO;
				ENABLE_STRICT_OBJC_MSGSEND = YES;
				GCC_C_LANGUAGE_STANDARD = gnu11;
				GCC_NO_COMMON_BLOCKS = YES;
				GCC_WARN_64_TO_32_BIT_CONVERSION = YES;
				GCC_WARN_ABOUT_RETURN_TYPE = YES_ERROR;
				GCC_WARN_UNDECLARED_SELECTOR = YES;
				GCC_WARN_UNINITIALIZED_AUTOS = YES_AGGRESSIVE;
				GCC_WARN_UNUSED_FUNCTION = YES;
				GCC_WARN_UNUSED_VARIABLE = YES;
				IPHONEOS_DEPLOYMENT_TARGET = 13.0;
				MTL_ENABLE_DEBUG_INFO = NO;
				MTL_FAST_MATH = YES;
				SDKROOT = iphoneos;
				SWIFT_COMPILATION_MODE = wholemodule;
				SWIFT_OPTIMIZATION_LEVEL = "-O";
				VALIDATE_PRODUCT = YES;
			};
			name = Release;
		};
		FAFDE24E234FB8530075AE10 /* Debug */ = {
			isa = XCBuildConfiguration;
			buildSettings = {
				ASSETCATALOG_COMPILER_APPICON_NAME = AppIcon;
				CODE_SIGN_STYLE = Automatic;
				INFOPLIST_FILE = "Star Rating/Info.plist";
				LD_RUNPATH_SEARCH_PATHS = (
					"$(inherited)",
					"@executable_path/Frameworks",
				);
				PRODUCT_BUNDLE_IDENTIFIER = "com.lambdaschool.Star-Rating";
				PRODUCT_NAME = "$(TARGET_NAME)";
				SWIFT_VERSION = 5.0;
				TARGETED_DEVICE_FAMILY = "1,2";
			};
			name = Debug;
		};
		FAFDE24F234FB8530075AE10 /* Release */ = {
			isa = XCBuildConfiguration;
			buildSettings = {
				ASSETCATALOG_COMPILER_APPICON_NAME = AppIcon;
				CODE_SIGN_STYLE = Automatic;
				INFOPLIST_FILE = "Star Rating/Info.plist";
				LD_RUNPATH_SEARCH_PATHS = (
					"$(inherited)",
					"@executable_path/Frameworks",
				);
				PRODUCT_BUNDLE_IDENTIFIER = "com.lambdaschool.Star-Rating";
				PRODUCT_NAME = "$(TARGET_NAME)";
				SWIFT_VERSION = 5.0;
				TARGETED_DEVICE_FAMILY = "1,2";
			};
			name = Release;
		};
/* End XCBuildConfiguration section */

/* Begin XCConfigurationList section */
		FAFDE234234FB8510075AE10 /* Build configuration list for PBXProject "Star Rating" */ = {
			isa = XCConfigurationList;
			buildConfigurations = (
				FAFDE24B234FB8530075AE10 /* Debug */,
				FAFDE24C234FB8530075AE10 /* Release */,
			);
			defaultConfigurationIsVisible = 0;
			defaultConfigurationName = Release;
		};
		FAFDE24D234FB8530075AE10 /* Build configuration list for PBXNativeTarget "Star Rating" */ = {
			isa = XCConfigurationList;
			buildConfigurations = (
				FAFDE24E234FB8530075AE10 /* Debug */,
				FAFDE24F234FB8530075AE10 /* Release */,
			);
			defaultConfigurationIsVisible = 0;
			defaultConfigurationName = Release;
		};
/* End XCConfigurationList section */
	};
	rootObject = FAFDE231234FB8510075AE10 /* Project object */;
}
